// !$*UTF8*$!
{
	archiveVersion = 1;
	classes = {
	};
	objectVersion = 56;
	objects = {

/* Begin PBXBuildFile section */
		586008532944A82A00BCA7F7 /* UptoDoCoreDataRemakeApp.swift in Sources */ = {isa = PBXBuildFile; fileRef = 586008522944A82A00BCA7F7 /* UptoDoCoreDataRemakeApp.swift */; };
		586008552944A82A00BCA7F7 /* ContentView.swift in Sources */ = {isa = PBXBuildFile; fileRef = 586008542944A82A00BCA7F7 /* ContentView.swift */; };
		586008572944A82B00BCA7F7 /* Assets.xcassets in Resources */ = {isa = PBXBuildFile; fileRef = 586008562944A82B00BCA7F7 /* Assets.xcassets */; };
		5860085A2944A82B00BCA7F7 /* Preview Assets.xcassets in Resources */ = {isa = PBXBuildFile; fileRef = 586008592944A82B00BCA7F7 /* Preview Assets.xcassets */; };
		5860085C2944A82B00BCA7F7 /* Persistence.swift in Sources */ = {isa = PBXBuildFile; fileRef = 5860085B2944A82B00BCA7F7 /* Persistence.swift */; };
		5860085F2944A82B00BCA7F7 /* UptoDoCoreDataRemake.xcdatamodeld in Sources */ = {isa = PBXBuildFile; fileRef = 5860085D2944A82B00BCA7F7 /* UptoDoCoreDataRemake.xcdatamodeld */; };
		586008672944A92B00BCA7F7 /* MainView.swift in Sources */ = {isa = PBXBuildFile; fileRef = 586008662944A92B00BCA7F7 /* MainView.swift */; };
		5860086B2945D24300BCA7F7 /* OnboardingComponent.swift in Sources */ = {isa = PBXBuildFile; fileRef = 5860086A2945D24300BCA7F7 /* OnboardingComponent.swift */; };
/* End PBXBuildFile section */

/* Begin PBXFileReference section */
		5860084F2944A82A00BCA7F7 /* UptoDoCoreDataRemake.app */ = {isa = PBXFileReference; explicitFileType = wrapper.application; includeInIndex = 0; path = UptoDoCoreDataRemake.app; sourceTree = BUILT_PRODUCTS_DIR; };
		586008522944A82A00BCA7F7 /* UptoDoCoreDataRemakeApp.swift */ = {isa = PBXFileReference; lastKnownFileType = sourcecode.swift; path = UptoDoCoreDataRemakeApp.swift; sourceTree = "<group>"; };
		586008542944A82A00BCA7F7 /* ContentView.swift */ = {isa = PBXFileReference; lastKnownFileType = sourcecode.swift; path = ContentView.swift; sourceTree = "<group>"; };
		586008562944A82B00BCA7F7 /* Assets.xcassets */ = {isa = PBXFileReference; lastKnownFileType = folder.assetcatalog; path = Assets.xcassets; sourceTree = "<group>"; };
		586008592944A82B00BCA7F7 /* Preview Assets.xcassets */ = {isa = PBXFileReference; lastKnownFileType = folder.assetcatalog; path = "Preview Assets.xcassets"; sourceTree = "<group>"; };
		5860085B2944A82B00BCA7F7 /* Persistence.swift */ = {isa = PBXFileReference; lastKnownFileType = sourcecode.swift; path = Persistence.swift; sourceTree = "<group>"; };
		5860085E2944A82B00BCA7F7 /* UptoDoCoreDataRemake.xcdatamodel */ = {isa = PBXFileReference; lastKnownFileType = wrapper.xcdatamodel; path = UptoDoCoreDataRemake.xcdatamodel; sourceTree = "<group>"; };
		586008662944A92B00BCA7F7 /* MainView.swift */ = {isa = PBXFileReference; lastKnownFileType = sourcecode.swift; path = MainView.swift; sourceTree = "<group>"; };
		5860086A2945D24300BCA7F7 /* OnboardingComponent.swift */ = {isa = PBXFileReference; lastKnownFileType = sourcecode.swift; path = OnboardingComponent.swift; sourceTree = "<group>"; };
/* End PBXFileReference section */

/* Begin PBXFrameworksBuildPhase section */
		5860084C2944A82A00BCA7F7 /* Frameworks */ = {
			isa = PBXFrameworksBuildPhase;
			buildActionMask = 2147483647;
			files = (
			);
			runOnlyForDeploymentPostprocessing = 0;
		};
/* End PBXFrameworksBuildPhase section */

/* Begin PBXGroup section */
		586008462944A82A00BCA7F7 = {
			isa = PBXGroup;
			children = (
				586008512944A82A00BCA7F7 /* UptoDoCoreDataRemake */,
				586008502944A82A00BCA7F7 /* Products */,
			);
			sourceTree = "<group>";
		};
		586008502944A82A00BCA7F7 /* Products */ = {
			isa = PBXGroup;
			children = (
				5860084F2944A82A00BCA7F7 /* UptoDoCoreDataRemake.app */,
			);
			name = Products;
			sourceTree = "<group>";
		};
		586008512944A82A00BCA7F7 /* UptoDoCoreDataRemake */ = {
			isa = PBXGroup;
			children = (
				586008652944A91400BCA7F7 /* Main */,
				586008522944A82A00BCA7F7 /* UptoDoCoreDataRemakeApp.swift */,
				586008542944A82A00BCA7F7 /* ContentView.swift */,
				586008562944A82B00BCA7F7 /* Assets.xcassets */,
				5860085B2944A82B00BCA7F7 /* Persistence.swift */,
				5860085D2944A82B00BCA7F7 /* UptoDoCoreDataRemake.xcdatamodeld */,
				586008582944A82B00BCA7F7 /* Preview Content */,
			);
			path = UptoDoCoreDataRemake;
			sourceTree = "<group>";
		};
		586008582944A82B00BCA7F7 /* Preview Content */ = {
			isa = PBXGroup;
			children = (
				586008592944A82B00BCA7F7 /* Preview Assets.xcassets */,
			);
			path = "Preview Content";
			sourceTree = "<group>";
		};
		586008652944A91400BCA7F7 /* Main */ = {
			isa = PBXGroup;
			children = (
				586008662944A92B00BCA7F7 /* MainView.swift */,
				5860086A2945D24300BCA7F7 /* OnboardingComponent.swift */,
			);
			path = Main;
			sourceTree = "<group>";
		};
/* End PBXGroup section */

/* Begin PBXNativeTarget section */
		5860084E2944A82A00BCA7F7 /* UptoDoCoreDataRemake */ = {
			isa = PBXNativeTarget;
			buildConfigurationList = 586008622944A82B00BCA7F7 /* Build configuration list for PBXNativeTarget "UptoDoCoreDataRemake" */;
			buildPhases = (
				5860084B2944A82A00BCA7F7 /* Sources */,
				5860084C2944A82A00BCA7F7 /* Frameworks */,
				5860084D2944A82A00BCA7F7 /* Resources */,
			);
			buildRules = (
			);
			dependencies = (
			);
			name = UptoDoCoreDataRemake;
			productName = UptoDoCoreDataRemake;
			productReference = 5860084F2944A82A00BCA7F7 /* UptoDoCoreDataRemake.app */;
			productType = "com.apple.product-type.application";
		};
/* End PBXNativeTarget section */

/* Begin PBXProject section */
		586008472944A82A00BCA7F7 /* Project object */ = {
			isa = PBXProject;
			attributes = {
				BuildIndependentTargetsInParallel = 1;
				LastSwiftUpdateCheck = 1410;
				LastUpgradeCheck = 1410;
				TargetAttributes = {
					5860084E2944A82A00BCA7F7 = {
						CreatedOnToolsVersion = 14.1;
					};
				};
			};
			buildConfigurationList = 5860084A2944A82A00BCA7F7 /* Build configuration list for PBXProject "UptoDoCoreDataRemake" */;
			compatibilityVersion = "Xcode 14.0";
			developmentRegion = en;
			hasScannedForEncodings = 0;
			knownRegions = (
				en,
				Base,
			);
			mainGroup = 586008462944A82A00BCA7F7;
			productRefGroup = 586008502944A82A00BCA7F7 /* Products */;
			projectDirPath = "";
			projectRoot = "";
			targets = (
				5860084E2944A82A00BCA7F7 /* UptoDoCoreDataRemake */,
			);
		};
/* End PBXProject section */

/* Begin PBXResourcesBuildPhase section */
		5860084D2944A82A00BCA7F7 /* Resources */ = {
			isa = PBXResourcesBuildPhase;
			buildActionMask = 2147483647;
			files = (
				5860085A2944A82B00BCA7F7 /* Preview Assets.xcassets in Resources */,
				586008572944A82B00BCA7F7 /* Assets.xcassets in Resources */,
			);
			runOnlyForDeploymentPostprocessing = 0;
		};
/* End PBXResourcesBuildPhase section */

/* Begin PBXSourcesBuildPhase section */
		5860084B2944A82A00BCA7F7 /* Sources */ = {
			isa = PBXSourcesBuildPhase;
			buildActionMask = 2147483647;
			files = (
				5860085F2944A82B00BCA7F7 /* UptoDoCoreDataRemake.xcdatamodeld in Sources */,
				5860085C2944A82B00BCA7F7 /* Persistence.swift in Sources */,
				586008552944A82A00BCA7F7 /* ContentView.swift in Sources */,
				586008672944A92B00BCA7F7 /* MainView.swift in Sources */,
				5860086B2945D24300BCA7F7 /* OnboardingComponent.swift in Sources */,
				586008532944A82A00BCA7F7 /* UptoDoCoreDataRemakeApp.swift in Sources */,
			);
			runOnlyForDeploymentPostprocessing = 0;
		};
/* End PBXSourcesBuildPhase section */

/* Begin XCBuildConfiguration section */
		586008602944A82B00BCA7F7 /* Debug */ = {
			isa = XCBuildConfiguration;
			buildSettings = {
				ALWAYS_SEARCH_USER_PATHS = NO;
				CLANG_ANALYZER_NONNULL = YES;
				CLANG_ANALYZER_NUMBER_OBJECT_CONVERSION = YES_AGGRESSIVE;
				CLANG_CXX_LANGUAGE_STANDARD = "gnu++20";
				CLANG_ENABLE_MODULES = YES;
				CLANG_ENABLE_OBJC_ARC = YES;
				CLANG_ENABLE_OBJC_WEAK = YES;
				CLANG_WARN_BLOCK_CAPTURE_AUTORELEASING = YES;
				CLANG_WARN_BOOL_CONVERSION = YES;
				CLANG_WARN_COMMA = YES;
				CLANG_WARN_CONSTANT_CONVERSION = YES;
				CLANG_WARN_DEPRECATED_OBJC_IMPLEMENTATIONS = YES;
				CLANG_WARN_DIRECT_OBJC_ISA_USAGE = YES_ERROR;
				CLANG_WARN_DOCUMENTATION_COMMENTS = YES;
				CLANG_WARN_EMPTY_BODY = YES;
				CLANG_WARN_ENUM_CONVERSION = YES;
				CLANG_WARN_INFINITE_RECURSION = YES;
				CLANG_WARN_INT_CONVERSION = YES;
				CLANG_WARN_NON_LITERAL_NULL_CONVERSION = YES;
				CLANG_WARN_OBJC_IMPLICIT_RETAIN_SELF = YES;
				CLANG_WARN_OBJC_LITERAL_CONVERSION = YES;
				CLANG_WARN_OBJC_ROOT_CLASS = YES_ERROR;
				CLANG_WARN_QUOTED_INCLUDE_IN_FRAMEWORK_HEADER = YES;
				CLANG_WARN_RANGE_LOOP_ANALYSIS = YES;
				CLANG_WARN_STRICT_PROTOTYPES = YES;
				CLANG_WARN_SUSPICIOUS_MOVE = YES;
				CLANG_WARN_UNGUARDED_AVAILABILITY = YES_AGGRESSIVE;
				CLANG_WARN_UNREACHABLE_CODE = YES;
				CLANG_WARN__DUPLICATE_METHOD_MATCH = YES;
				COPY_PHASE_STRIP = NO;
				DEBUG_INFORMATION_FORMAT = dwarf;
				ENABLE_STRICT_OBJC_MSGSEND = YES;
				ENABLE_TESTABILITY = YES;
				GCC_C_LANGUAGE_STANDARD = gnu11;
				GCC_DYNAMIC_NO_PIC = NO;
				GCC_NO_COMMON_BLOCKS = YES;
				GCC_OPTIMIZATION_LEVEL = 0;
				GCC_PREPROCESSOR_DEFINITIONS = (
					"DEBUG=1",
					"$(inherited)",
				);
				GCC_WARN_64_TO_32_BIT_CONVERSION = YES;
				GCC_WARN_ABOUT_RETURN_TYPE = YES_ERROR;
				GCC_WARN_UNDECLARED_SELECTOR = YES;
				GCC_WARN_UNINITIALIZED_AUTOS = YES_AGGRESSIVE;
				GCC_WARN_UNUSED_FUNCTION = YES;
				GCC_WARN_UNUSED_VARIABLE = YES;
				IPHONEOS_DEPLOYMENT_TARGET = 16.1;
				MTL_ENABLE_DEBUG_INFO = INCLUDE_SOURCE;
				MTL_FAST_MATH = YES;
				ONLY_ACTIVE_ARCH = YES;
				SDKROOT = iphoneos;
				SWIFT_ACTIVE_COMPILATION_CONDITIONS = DEBUG;
				SWIFT_OPTIMIZATION_LEVEL = "-Onone";
			};
			name = Debug;
		};
		586008612944A82B00BCA7F7 /* Release */ = {
			isa = XCBuildConfiguration;
			buildSettings = {
				ALWAYS_SEARCH_USER_PATHS = NO;
				CLANG_ANALYZER_NONNULL = YES;
				CLANG_ANALYZER_NUMBER_OBJECT_CONVERSION = YES_AGGRESSIVE;
				CLANG_CXX_LANGUAGE_STANDARD = "gnu++20";
				CLANG_ENABLE_MODULES = YES;
				CLANG_ENABLE_OBJC_ARC = YES;
				CLANG_ENABLE_OBJC_WEAK = YES;
				CLANG_WARN_BLOCK_CAPTURE_AUTORELEASING = YES;
				CLANG_WARN_BOOL_CONVERSION = YES;
				CLANG_WARN_COMMA = YES;
				CLANG_WARN_CONSTANT_CONVERSION = YES;
				CLANG_WARN_DEPRECATED_OBJC_IMPLEMENTATIONS = YES;
				CLANG_WARN_DIRECT_OBJC_ISA_USAGE = YES_ERROR;
				CLANG_WARN_DOCUMENTATION_COMMENTS = YES;
				CLANG_WARN_EMPTY_BODY = YES;
				CLANG_WARN_ENUM_CONVERSION = YES;
				CLANG_WARN_INFINITE_RECURSION = YES;
				CLANG_WARN_INT_CONVERSION = YES;
				CLANG_WARN_NON_LITERAL_NULL_CONVERSION = YES;
				CLANG_WARN_OBJC_IMPLICIT_RETAIN_SELF = YES;
				CLANG_WARN_OBJC_LITERAL_CONVERSION = YES;
				CLANG_WARN_OBJC_ROOT_CLASS = YES_ERROR;
				CLANG_WARN_QUOTED_INCLUDE_IN_FRAMEWORK_HEADER = YES;
				CLANG_WARN_RANGE_LOOP_ANALYSIS = YES;
				CLANG_WARN_STRICT_PROTOTYPES = YES;
				CLANG_WARN_SUSPICIOUS_MOVE = YES;
				CLANG_WARN_UNGUARDED_AVAILABILITY = YES_AGGRESSIVE;
				CLANG_WARN_UNREACHABLE_CODE = YES;
				CLANG_WARN__DUPLICATE_METHOD_MATCH = YES;
				COPY_PHASE_STRIP = NO;
				DEBUG_INFORMATION_FORMAT = "dwarf-with-dsym";
				ENABLE_NS_ASSERTIONS = NO;
				ENABLE_STRICT_OBJC_MSGSEND = YES;
				GCC_C_LANGUAGE_STANDARD = gnu11;
				GCC_NO_COMMON_BLOCKS = YES;
				GCC_WARN_64_TO_32_BIT_CONVERSION = YES;
				GCC_WARN_ABOUT_RETURN_TYPE = YES_ERROR;
				GCC_WARN_UNDECLARED_SELECTOR = YES;
				GCC_WARN_UNINITIALIZED_AUTOS = YES_AGGRESSIVE;
				GCC_WARN_UNUSED_FUNCTION = YES;
				GCC_WARN_UNUSED_VARIABLE = YES;
				IPHONEOS_DEPLOYMENT_TARGET = 16.1;
				MTL_ENABLE_DEBUG_INFO = NO;
				MTL_FAST_MATH = YES;
				SDKROOT = iphoneos;
				SWIFT_COMPILATION_MODE = wholemodule;
				SWIFT_OPTIMIZATION_LEVEL = "-O";
				VALIDATE_PRODUCT = YES;
			};
			name = Release;
		};
		586008632944A82B00BCA7F7 /* Debug */ = {
			isa = XCBuildConfiguration;
			buildSettings = {
				ASSETCATALOG_COMPILER_APPICON_NAME = AppIcon;
				ASSETCATALOG_COMPILER_GLOBAL_ACCENT_COLOR_NAME = AccentColor;
				CODE_SIGN_STYLE = Automatic;
				CURRENT_PROJECT_VERSION = 1;
				DEVELOPMENT_ASSET_PATHS = "\"UptoDoCoreDataRemake/Preview Content\"";
				DEVELOPMENT_TEAM = W3YW45WJ7B;
				ENABLE_PREVIEWS = YES;
				GENERATE_INFOPLIST_FILE = YES;
				INFOPLIST_KEY_UIApplicationSceneManifest_Generation = YES;
				INFOPLIST_KEY_UIApplicationSupportsIndirectInputEvents = YES;
				INFOPLIST_KEY_UILaunchScreen_Generation = YES;
				INFOPLIST_KEY_UISupportedInterfaceOrientations_iPad = "UIInterfaceOrientationPortrait UIInterfaceOrientationPortraitUpsideDown UIInterfaceOrientationLandscapeLeft UIInterfaceOrientationLandscapeRight";
				INFOPLIST_KEY_UISupportedInterfaceOrientations_iPhone = "UIInterfaceOrientationPortrait UIInterfaceOrientationLandscapeLeft UIInterfaceOrientationLandscapeRight";
				LD_RUNPATH_SEARCH_PATHS = (
					"$(inherited)",
					"@executable_path/Frameworks",
				);
				MARKETING_VERSION = 1.0;
				PRODUCT_BUNDLE_IDENTIFIER = Mitch.UptoDoCoreDataRemake;
				PRODUCT_NAME = "$(TARGET_NAME)";
				SWIFT_EMIT_LOC_STRINGS = YES;
				SWIFT_VERSION = 5.0;
				TARGETED_DEVICE_FAMILY = "1,2";
			};
			name = Debug;
		};
		586008642944A82B00BCA7F7 /* Release */ = {
			isa = XCBuildConfiguration;
			buildSettings = {
				ASSETCATALOG_COMPILER_APPICON_NAME = AppIcon;
				ASSETCATALOG_COMPILER_GLOBAL_ACCENT_COLOR_NAME = AccentColor;
				CODE_SIGN_STYLE = Automatic;
				CURRENT_PROJECT_VERSION = 1;
				DEVELOPMENT_ASSET_PATHS = "\"UptoDoCoreDataRemake/Preview Content\"";
				DEVELOPMENT_TEAM = W3YW45WJ7B;
				ENABLE_PREVIEWS = YES;
				GENERATE_INFOPLIST_FILE = YES;
				INFOPLIST_KEY_UIApplicationSceneManifest_Generation = YES;
				INFOPLIST_KEY_UIApplicationSupportsIndirectInputEvents = YES;
				INFOPLIST_KEY_UILaunchScreen_Generation = YES;
				INFOPLIST_KEY_UISupportedInterfaceOrientations_iPad = "UIInterfaceOrientationPortrait UIInterfaceOrientationPortraitUpsideDown UIInterfaceOrientationLandscapeLeft UIInterfaceOrientationLandscapeRight";
				INFOPLIST_KEY_UISupportedInterfaceOrientations_iPhone = "UIInterfaceOrientationPortrait UIInterfaceOrientationLandscapeLeft UIInterfaceOrientationLandscapeRight";
				LD_RUNPATH_SEARCH_PATHS = (
					"$(inherited)",
					"@executable_path/Frameworks",
				);
				MARKETING_VERSION = 1.0;
				PRODUCT_BUNDLE_IDENTIFIER = Mitch.UptoDoCoreDataRemake;
				PRODUCT_NAME = "$(TARGET_NAME)";
				SWIFT_EMIT_LOC_STRINGS = YES;
				SWIFT_VERSION = 5.0;
				TARGETED_DEVICE_FAMILY = "1,2";
			};
			name = Release;
		};
/* End XCBuildConfiguration section */

/* Begin XCConfigurationList section */
		5860084A2944A82A00BCA7F7 /* Build configuration list for PBXProject "UptoDoCoreDataRemake" */ = {
			isa = XCConfigurationList;
			buildConfigurations = (
				586008602944A82B00BCA7F7 /* Debug */,
				586008612944A82B00BCA7F7 /* Release */,
			);
			defaultConfigurationIsVisible = 0;
			defaultConfigurationName = Release;
		};
		586008622944A82B00BCA7F7 /* Build configuration list for PBXNativeTarget "UptoDoCoreDataRemake" */ = {
			isa = XCConfigurationList;
			buildConfigurations = (
				586008632944A82B00BCA7F7 /* Debug */,
				586008642944A82B00BCA7F7 /* Release */,
			);
			defaultConfigurationIsVisible = 0;
			defaultConfigurationName = Release;
		};
/* End XCConfigurationList section */

/* Begin XCVersionGroup section */
		5860085D2944A82B00BCA7F7 /* UptoDoCoreDataRemake.xcdatamodeld */ = {
			isa = XCVersionGroup;
			children = (
				5860085E2944A82B00BCA7F7 /* UptoDoCoreDataRemake.xcdatamodel */,
			);
			currentVersion = 5860085E2944A82B00BCA7F7 /* UptoDoCoreDataRemake.xcdatamodel */;
			path = UptoDoCoreDataRemake.xcdatamodeld;
			sourceTree = "<group>";
			versionGroupType = wrapper.xcdatamodel;
		};
/* End XCVersionGroup section */
	};
	rootObject = 586008472944A82A00BCA7F7 /* Project object */;
}
